github.com/sam-caldwell/errors v1.0.7 h1:jWw9ZLTaHxKWNYyPZpTuBA2WCAZ9OrLVp3VOQVmLb+I=
github.com/sam-caldwell/errors v1.0.7/go.mod h1:lZIVGM3grlaHjtZziLfGruJvF1cP+QTERP5ZavehpX0=
github.com/sam-caldwell/hashes v1.0.0 h1:hsp7Y0pdnzij3W5vCFmEk8eFh1qE+QQXkyLNcM2Fj1M=
github.com/sam-caldwell/hashes v1.0.0/go.mod h1:PMeN9D8YNfEjmu6sG5JxnZ1xTLA3RtFcYkw/98AiWbg=
