github.com/sam-caldwell/errors v1.0.1 h1:+2sW6JgmD0kKZupdD5tb6qf5e8Hie5fHKcuXKSn7GRE=
github.com/sam-caldwell/errors v1.0.1/go.mod h1:lZIVGM3grlaHjtZziLfGruJvF1cP+QTERP5ZavehpX0=
github.com/sam-caldwell/hashes v1.0.0 h1:hsp7Y0pdnzij3W5vCFmEk8eFh1qE+QQXkyLNcM2Fj1M=
github.com/sam-caldwell/hashes v1.0.0/go.mod h1:PMeN9D8YNfEjmu6sG5JxnZ1xTLA3RtFcYkw/98AiWbg=
